
Microsoft Visual Studio Solution File, Format Version 12.00
# Visual Studio Version 16
VisualStudioVersion = 16.0.29709.97
MinimumVisualStudioVersion = 10.0.40219.1
Project("{9A19103F-16F7-4668-BE54-9A1E7A4F7556}") = "Cameleon", "Cameleon\Cameleon.csproj", "{F46D0A34-39B3-4AD3-8DF4-006CC6374C20}"
EndProject
Project("{FAE04EC0-301F-11D3-BF4B-00C04F79EFBC}") = "CameleonTests", "CameleonTests\CameleonTests.csproj", "{48C43269-CA54-4452-91DE-7AE914482F58}"
EndProject
Global
	GlobalSection(SolutionConfigurationPlatforms) = preSolution
		Debug|Any CPU = Debug|Any CPU
		Release|Any CPU = Release|Any CPU
	EndGlobalSection
	GlobalSection(ProjectConfigurationPlatforms) = postSolution
		{F46D0A34-39B3-4AD3-8DF4-006CC6374C20}.Debug|Any CPU.ActiveCfg = Debug|Any CPU
		{F46D0A34-39B3-4AD3-8DF4-006CC6374C20}.Debug|Any CPU.Build.0 = Debug|Any CPU
		{F46D0A34-39B3-4AD3-8DF4-006CC6374C20}.Release|Any CPU.ActiveCfg = Release|Any CPU
		{F46D0A34-39B3-4AD3-8DF4-006CC6374C20}.Release|Any CPU.Build.0 = Release|Any CPU
		{48C43269-CA54-4452-91DE-7AE914482F58}.Debug|Any CPU.ActiveCfg = Debug|Any CPU
		{48C43269-CA54-4452-91DE-7AE914482F58}.Debug|Any CPU.Build.0 = Debug|Any CPU
		{48C43269-CA54-4452-91DE-7AE914482F58}.Release|Any CPU.ActiveCfg = Release|Any CPU
		{48C43269-CA54-4452-91DE-7AE914482F58}.Release|Any CPU.Build.0 = Release|Any CPU
	EndGlobalSection
	GlobalSection(SolutionProperties) = preSolution
		HideSolutionNode = FALSE
	EndGlobalSection
	GlobalSection(ExtensibilityGlobals) = postSolution
		SolutionGuid = {AA996868-CFE5-4A28-95BF-96682B78CBD5}
	EndGlobalSection
EndGlobal
